sdk: ^2.0.0-alpha.188
prefixes:
  font_x11_adobe: pkg-font-x11-adobe
  mpu6050: toit-mpu6050
  pictogrammers_icons: toit-icons-pictogrammers
  pixel_display: toit-pixel-display
  ssd1306: toit-ssd1306
  tp4057: toit-tp4057
packages:
  pkg-font-x11-adobe:
    url: github.com/toitlang/pkg-font-x11-adobe
    name: font_x11_adobe
    version: 0.1.0
    hash: f844400722165252148f087cdf189abab0a47f3d
  toit-ema:
    url: github.com/milkmansson/toit-ema
    name: ema
    version: 1.0.0
    hash: 352b4998688fbbf5a740d3471c2fe5457aa3225e
  toit-icons-pictogrammers:
    url: github.com/toitware/toit-icons-pictogrammers
    name: pictogrammers_icons
    version: 1.0.0
    hash: 5ac660cc480d5da1fec72e1b24d425ce978419b7
  toit-mpu6050:
    path: ../Clock/toit-mpu6050
    prefixes:
      ema: toit-ema
  toit-pixel-display:
    url: github.com/toitware/toit-pixel-display
    name: pixel_display
    version: 2.11.0
    hash: 59a4be9f0e6aa2321c6a032da44776f59af364b5
    prefixes:
      png-tools: toit-png-tools
  toit-png-tools:
    url: github.com/toitware/toit-png-tools
    name: png-tools
    version: 1.0.0
    hash: ee472ac9d4333a138206f9d3a817d3c5432d6f87
  toit-ssd1306:
    url: github.com/toitware/toit-ssd1306
    name: ssd1306
    version: 2.0.1
    hash: ee2e6e699daa86d961538775aaea642a839025b7
    prefixes:
      pixel_display: toit-pixel-display
  toit-tp4057:
    url: github.com/milkmansson/toit-tp4057
    name: tp4057
    version: 1.1.0
    hash: 665f18ecdebf0c936299c66aec75401b8cb1f8a6
    prefixes:
      ema: toit-ema
